
Microsoft Visual Studio Solution File, Format Version 12.00
# Visual Studio Version 17
VisualStudioVersion = 17.11.35327.3
MinimumVisualStudioVersion = 10.0.40219.1
Project("{FAE04EC0-301F-11D3-BF4B-00C04F79EFBC}") = "Sunum ödevi", "Sunum ödevi\Sunum ödevi.csproj", "{BC82A752-5D13-4B9C-A371-66F7C33EA41C}"
EndProject
Global
	GlobalSection(SolutionConfigurationPlatforms) = preSolution
		Debug|Any CPU = Debug|Any CPU
		Release|Any CPU = Release|Any CPU
	EndGlobalSection
	GlobalSection(ProjectConfigurationPlatforms) = postSolution
		{BC82A752-5D13-4B9C-A371-66F7C33EA41C}.Debug|Any CPU.ActiveCfg = Debug|Any CPU
		{BC82A752-5D13-4B9C-A371-66F7C33EA41C}.Debug|Any CPU.Build.0 = Debug|Any CPU
		{BC82A752-5D13-4B9C-A371-66F7C33EA41C}.Release|Any CPU.ActiveCfg = Release|Any CPU
		{BC82A752-5D13-4B9C-A371-66F7C33EA41C}.Release|Any CPU.Build.0 = Release|Any CPU
	EndGlobalSection
	GlobalSection(SolutionProperties) = preSolution
		HideSolutionNode = FALSE
	EndGlobalSection
	GlobalSection(ExtensibilityGlobals) = postSolution
		SolutionGuid = {4E9A5B20-A63E-43AB-B8E5-018AA32DDDE2}
	EndGlobalSection
EndGlobal
